{
    "babdev/pagerfanta-bundle": {
        "version": "v2.11.0"
    },
    "doctrine/annotations": {
        "version": "1.14",
        "recipe": {
            "repo": "github.com/symfony/recipes",
            "branch": "main",
            "version": "1.0",
            "ref": "a2759dd6123694c8d901d0ec80006e044c2e6457"
        },
        "files": [
            "config/routes/annotations.yaml"
        ]
    },
    "doctrine/deprecations": {
        "version": "1.1",
        "recipe": {
            "repo": "github.com/symfony/recipes",
            "branch": "main",
            "version": "1.0",
            "ref": "fdd756167454623e21f1d769c5b814b243782a67"
        }
    },
    "doctrine/doctrine-bundle": {
        "version": "2.7",
        "recipe": {
            "repo": "github.com/symfony/recipes",
            "branch": "main",
            "version": "2.4",
            "ref": "eaa0b7647c0ec3dbdcf24ade4625f381aa23c027"
        },
        "files": [
            "config/packages/doctrine.yaml",
            "src/Entity/.gitignore",
            "src/Repository/.gitignore"
        ]
    },
    "doctrine/doctrine-migrations-bundle": {
        "version": "3.7",
        "recipe": {
            "repo": "github.com/symfony/recipes",
            "branch": "main",
            "version": "3.1",
            "ref": "1d01ec03c6ecbd67c3375c5478c9a423ae5d6a33"
        },
        "files": [
            "config/packages/doctrine_migrations.yaml",
            "migrations/.gitignore"
        ]
    },
    "elbformat/field-helper-bundle": {
        "version": "v2.0.2"
    },
    "elbformat/symfony-behat-bundle": {
        "version": "v1.5.12"
    },
    "friendsofsymfony/http-cache-bundle": {
        "version": "2.18.0"
    },
    "friendsofsymfony/jsrouting-bundle": {
        "version": "2.8.0"
    },
    "gregwar/captcha-bundle": {
        "version": "v2.1.5"
    },
    "ibexa/activity-log": {
        "version": "v4.6.32"
    },
    "ibexa/admin-ui": {
        "version": "v4.6.32"
    },
    "ibexa/admin-ui-assets": {
        "version": "v4.6.32"
    },
    "ibexa/app-switcher": {
        "version": "v4.6.32"
    },
    "ibexa/calendar": {
        "version": "v4.6.32"
    },
    "ibexa/connect": {
        "version": "v4.6.32"
    },
    "ibexa/connector-dam": {
        "version": "v4.6.32"
    },
    "ibexa/connector-qualifio": {
        "version": "v4.6.32"
    },
    "ibexa/content-forms": {
        "version": "v4.6.32"
    },
    "ibexa/content-tree": {
        "version": "v4.6.32"
    },
    "ibexa/core": {
        "version": "v4.6.32"
    },
    "ibexa/core-persistence": {
        "version": "v4.6.32"
    },
    "ibexa/core-search": {
        "version": "v4.6.32"
    },
    "ibexa/corporate-account": {
        "version": "v4.6.32"
    },
    "ibexa/cron": {
        "version": "v4.6.32"
    },
    "ibexa/dashboard": {
        "version": "v4.6.32"
    },
    "ibexa/design-engine": {
        "version": "v4.6.32"
    },
    "ibexa/doctrine-schema": {
        "version": "v4.6.32"
    },
    "ibexa/elasticsearch": {
        "version": "v4.6.32"
    },
    "ibexa/fastly": {
        "version": "v4.6.32"
    },
    "ibexa/fieldtype-address": {
        "version": "v4.6.32"
    },
    "ibexa/fieldtype-matrix": {
        "version": "v4.6.32"
    },
    "ibexa/fieldtype-page": {
        "version": "v4.6.32"
    },
    "ibexa/fieldtype-query": {
        "version": "v4.6.32"
    },
    "ibexa/fieldtype-richtext": {
        "version": "v4.6.32"
    },
    "ibexa/form-builder": {
        "version": "v4.6.32"
    },
    "ibexa/graphql": {
        "version": "v4.6.32"
    },
    "ibexa/headless-assets": {
        "version": "v4.6.32"
    },
    "ibexa/http-cache": {
        "version": "v4.6.32"
    },
    "ibexa/icons": {
        "version": "v4.6.32"
    },
    "ibexa/image-editor": {
        "version": "v4.6.32"
    },
    "ibexa/image-picker": {
        "version": "v4.6.32"
    },
    "ibexa/installer": {
        "version": "v4.6.32"
    },
    "ibexa/measurement": {
        "version": "v4.6.32"
    },
    "ibexa/migrations": {
        "version": "v4.6.32"
    },
    "ibexa/notifications": {
        "version": "v4.6.32"
    },
    "ibexa/oauth2-client": {
        "version": "v4.6.32"
    },
    "ibexa/page-builder": {
        "version": "v4.6.32"
    },
    "ibexa/permissions": {
        "version": "v4.6.32"
    },
    "ibexa/personalization": {
        "version": "v4.6.32"
    },
    "ibexa/product-catalog": {
        "version": "v4.6.32"
    },
    "ibexa/rest": {
        "version": "v4.6.32"
    },
    "ibexa/scheduler": {
        "version": "v4.6.32"
    },
    "ibexa/search": {
        "version": "v4.6.32"
    },
    "ibexa/segmentation": {
        "version": "v4.6.32"
    },
    "ibexa/seo": {
        "version": "v4.6.32"
    },
    "ibexa/site-context": {
        "version": "v4.6.32"
    },
    "ibexa/site-factory": {
        "version": "v4.6.32"
    },
    "ibexa/solr": {
        "version": "v4.6.32"
    },
    "ibexa/standard-design": {
        "version": "v4.6.32"
    },
    "ibexa/system-info": {
        "version": "v4.6.32"
    },
    "ibexa/taxonomy": {
        "version": "v4.6.32"
    },
    "ibexa/templated-uri-bundle": {
        "version": "v3.3.2.2"
    },
    "ibexa/tree-builder": {
        "version": "v4.6.32"
    },
    "ibexa/twig-components": {
        "version": "v4.6.32"
    },
    "ibexa/user": {
        "version": "v4.6.32"
    },
    "ibexa/version-comparison": {
        "version": "v4.6.32"
    },
    "ibexa/workflow": {
        "version": "v4.6.32"
    },
    "jms/translation-bundle": {
        "version": "1.9.1"
    },
    "knplabs/knp-menu-bundle": {
        "version": "v3.6.0"
    },
    "knpuniversity/oauth2-client-bundle": {
        "version": "v2.19.0"
    },
    "lexik/jwt-authentication-bundle": {
        "version": "2.21",
        "recipe": {
            "repo": "github.com/symfony/recipes",
            "branch": "main",
            "version": "2.5",
            "ref": "e9481b233a11ef7e15fe055a2b21fd3ac1aa2bb7"
        },
        "files": [
            "config/packages/lexik_jwt_authentication.yaml"
        ]
    },
    "liip/imagine-bundle": {
        "version": "2.17.2"
    },
    "nelmio/cors-bundle": {
        "version": "2.6",
        "recipe": {
            "repo": "github.com/symfony/recipes",
            "branch": "main",
            "version": "1.5",
            "ref": "6bea22e6c564fba3a1391615cada1437d0bde39c"
        },
        "files": [
            "config/packages/nelmio_cors.yaml"
        ]
    },
    "oneup/flysystem-bundle": {
        "version": "4.14.1"
    },
    "overblog/graphiql-bundle": {
        "version": "v0.2.1"
    },
    "overblog/graphql-bundle": {
        "version": "v1.10.0"
    },
    "php-http/discovery": {
        "version": "1.20",
        "recipe": {
            "repo": "github.com/symfony/recipes",
            "branch": "main",
            "version": "1.18",
            "ref": "f45b5dd173a27873ab19f5e3180b2f661c21de02"
        },
        "files": [
            "config/packages/http_discovery.yaml"
        ]
    },
    "phpstan/phpstan": {
        "version": "2.2.9"
    },
    "phpunit/phpunit": {
        "version": "9.6",
        "recipe": {
            "repo": "github.com/symfony/recipes",
            "branch": "main",
            "version": "9.6",
            "ref": "6a9341aa97d441627f8bd424ae85dc04c944f8b4"
        },
        "files": [
            ".env.test",
            "phpunit.xml.dist",
            "tests/bootstrap.php"
        ]
    },
    "sensio/framework-extra-bundle": {
        "version": "6.2",
        "recipe": {
            "repo": "github.com/symfony/recipes",
            "branch": "main",
            "version": "5.2",
            "ref": "fb7e19da7f013d0d422fa9bce16f5c510e27609b"
        },
        "files": [
            "config/packages/sensio_framework_extra.yaml"
        ]
    },
    "stof/doctrine-extensions-bundle": {
        "version": "v1.10.1"
    },
    "symfony/console": {
        "version": "5.4",
        "recipe": {
            "repo": "github.com/symfony/recipes",
            "branch": "main",
            "version": "5.3",
            "ref": "1781ff40d8a17d87cf53f8d4cf0c8346ed2bb461"
        },
        "files": [
            "bin/console"
        ]
    },
    "symfony/flex": {
        "version": "2.11",
        "recipe": {
            "repo": "github.com/symfony/recipes",
            "branch": "main",
            "version": "2.4",
            "ref": "52e9754527a15e2b79d9a610f98185a1fe46622a"
        },
        "files": [
            ".env",
            ".env.dev"
        ]
    },
    "symfony/framework-bundle": {
        "version": "5.4",
        "recipe": {
            "repo": "github.com/symfony/recipes",
            "branch": "main",
            "version": "5.4",
            "ref": "9697c048ade32e001e27dd52478ec2642eec7eae"
        },
        "files": [
            "config/packages/cache.yaml",
            "config/packages/framework.yaml",
            "config/preload.php",
            "config/routes/framework.yaml",
            "config/services.yaml",
            "public/index.php",
            "src/Controller/.gitignore",
            "src/Kernel.php"
        ]
    },
    "symfony/lock": {
        "version": "5.4",
        "recipe": {
            "repo": "github.com/symfony/recipes",
            "branch": "main",
            "version": "5.2",
            "ref": "8e937ff2b4735d110af1770f242c1107fdab4c8e"
        },
        "files": [
            "config/packages/lock.yaml"
        ]
    },
    "symfony/mailer": {
        "version": "5.4",
        "recipe": {
            "repo": "github.com/symfony/recipes",
            "branch": "main",
            "version": "4.3",
            "ref": "09051cfde49476e3c12cd3a0e44289ace1c75a4f"
        },
        "files": [
            "config/packages/mailer.yaml"
        ]
    },
    "symfony/monolog-bundle": {
        "version": "3.10",
        "recipe": {
            "repo": "github.com/symfony/recipes",
            "branch": "main",
            "version": "3.7",
            "ref": "1b9efb10c54cb51c713a9391c9300ff8bceda459"
        },
        "files": [
            "config/packages/monolog.yaml"
        ]
    },
    "symfony/notifier": {
        "version": "5.4",
        "recipe": {
            "repo": "github.com/symfony/recipes",
            "branch": "main",
            "version": "5.0",
            "ref": "178877daf79d2dbd62129dd03612cb1a2cb407cc"
        },
        "files": [
            "config/packages/notifier.yaml"
        ]
    },
    "symfony/routing": {
        "version": "5.4",
        "recipe": {
            "repo": "github.com/symfony/recipes",
            "branch": "main",
            "version": "5.3",
            "ref": "85de1d8ae45b284c3c84b668171d2615049e698f"
        },
        "files": [
            "config/packages/routing.yaml",
            "config/routes.yaml"
        ]
    },
    "symfony/security-bundle": {
        "version": "5.4",
        "recipe": {
            "repo": "github.com/symfony/recipes",
            "branch": "main",
            "version": "5.3",
            "ref": "98f1f2b0d635908c2b40f3675da2d23b1a069d30"
        },
        "files": [
            "config/packages/security.yaml"
        ]
    },
    "symfony/swiftmailer-bundle": {
        "version": "3.5",
        "recipe": {
            "repo": "github.com/symfony/recipes",
            "branch": "main",
            "version": "2.5",
            "ref": "f0b2fccdca2dfd97dc2fd5ad216d5e27c4f895ac"
        },
        "files": [
            "config/packages/dev/swiftmailer.yaml",
            "config/packages/swiftmailer.yaml",
            "config/packages/test/swiftmailer.yaml"
        ]
    },
    "symfony/translation": {
        "version": "5.4",
        "recipe": {
            "repo": "github.com/symfony/recipes",
            "branch": "main",
            "version": "5.3",
            "ref": "e28e27f53663cc34f0be2837aba18e3a1bef8e7b"
        },
        "files": [
            "config/packages/translation.yaml",
            "translations/.gitignore"
        ]
    },
    "symfony/twig-bundle": {
        "version": "5.4",
        "recipe": {
            "repo": "github.com/symfony/recipes",
            "branch": "main",
            "version": "5.4",
            "ref": "bb2178c57eee79e6be0b297aa96fc0c0def81387"
        },
        "files": [
            "config/packages/twig.yaml",
            "templates/base.html.twig"
        ]
    },
    "symfony/validator": {
        "version": "5.4",
        "recipe": {
            "repo": "github.com/symfony/recipes",
            "branch": "main",
            "version": "5.3",
            "ref": "c32cfd98f714894c4f128bb99aa2530c1227603c"
        },
        "files": [
            "config/packages/validator.yaml"
        ]
    },
    "symfony/webpack-encore-bundle": {
        "version": "1.17",
        "recipe": {
            "repo": "github.com/symfony/recipes",
            "branch": "main",
            "version": "1.17",
            "ref": "eeb7f3bae6214a0cee8f48310f14e48f5cf90ba3"
        },
        "files": [
            "assets/app.js",
            "assets/bootstrap.js",
            "assets/controllers.json",
            "assets/controllers/hello_controller.js",
            "assets/styles/app.css",
            "config/packages/webpack_encore.yaml",
            "package.json",
            "webpack.config.js"
        ]
    },
    "symfony/workflow": {
        "version": "5.4",
        "recipe": {
            "repo": "github.com/symfony/recipes",
            "branch": "main",
            "version": "3.3",
            "ref": "3b2f8ca32a07fcb00f899649053943fa3d8bbfb6"
        },
        "files": [
            "config/packages/workflow.yaml"
        ]
    },
    "twig/extra-bundle": {
        "version": "v3.24.0"
    },
    "willdurand/js-translation-bundle": {
        "version": "4.0",
        "recipe": {
            "repo": "github.com/symfony/recipes",
            "branch": "main",
            "version": "2.0",
            "ref": "02b720a49f6d36b44d557e0b18e48bf09e0a8e07"
        },
        "files": [
            "config/routes/js_translation.yaml"
        ]
    }
}
